// !$*UTF8*$!
{
	archiveVersion = 1;
	classes = {
	};
	objectVersion = 50;
	objects = {

/* Begin PBXBuildFile section */
		FA81329C26249FF20076758A /* BottomSheetViewApp.swift in Sources */ = {isa = PBXBuildFile; fileRef = FA81329B26249FF20076758A /* BottomSheetViewApp.swift */; };
		FA81329E26249FF20076758A /* ContentView.swift in Sources */ = {isa = PBXBuildFile; fileRef = FA81329D26249FF20076758A /* ContentView.swift */; };
		FA8132A026249FF50076758A /* Assets.xcassets in Resources */ = {isa = PBXBuildFile; fileRef = FA81329F26249FF50076758A /* Assets.xcassets */; };
		FA8132A326249FF50076758A /* Preview Assets.xcassets in Resources */ = {isa = PBXBuildFile; fileRef = FA8132A226249FF50076758A /* Preview Assets.xcassets */; };
		FA8132AC2624A00C0076758A /* BottomSheetView.swift in Sources */ = {isa = PBXBuildFile; fileRef = FA8132AB2624A00C0076758A /* BottomSheetView.swift */; };
/* End PBXBuildFile section */

/* Begin PBXFileReference section */
		FA81329826249FF20076758A /* BottomSheetView.app */ = {isa = PBXFileReference; explicitFileType = wrapper.application; includeInIndex = 0; path = BottomSheetView.app; sourceTree = BUILT_PRODUCTS_DIR; };
		FA81329B26249FF20076758A /* BottomSheetViewApp.swift */ = {isa = PBXFileReference; lastKnownFileType = sourcecode.swift; path = BottomSheetViewApp.swift; sourceTree = "<group>"; };
		FA81329D26249FF20076758A /* ContentView.swift */ = {isa = PBXFileReference; lastKnownFileType = sourcecode.swift; path = ContentView.swift; sourceTree = "<group>"; };
		FA81329F26249FF50076758A /* Assets.xcassets */ = {isa = PBXFileReference; lastKnownFileType = folder.assetcatalog; path = Assets.xcassets; sourceTree = "<group>"; };
		FA8132A226249FF50076758A /* Preview Assets.xcassets */ = {isa = PBXFileReference; lastKnownFileType = folder.assetcatalog; path = "Preview Assets.xcassets"; sourceTree = "<group>"; };
		FA8132A426249FF50076758A /* Info.plist */ = {isa = PBXFileReference; lastKnownFileType = text.plist.xml; path = Info.plist; sourceTree = "<group>"; };
		FA8132AB2624A00C0076758A /* BottomSheetView.swift */ = {isa = PBXFileReference; lastKnownFileType = sourcecode.swift; path = BottomSheetView.swift; sourceTree = "<group>"; };
/* End PBXFileReference section */

/* Begin PBXFrameworksBuildPhase section */
		FA81329526249FF20076758A /* Frameworks */ = {
			isa = PBXFrameworksBuildPhase;
			buildActionMask = 2147483647;
			files = (
			);
			runOnlyForDeploymentPostprocessing = 0;
		};
/* End PBXFrameworksBuildPhase section */

/* Begin PBXGroup section */
		FA81328F26249FF20076758A = {
			isa = PBXGroup;
			children = (
				FA81329A26249FF20076758A /* BottomSheetView */,
				FA81329926249FF20076758A /* Products */,
			);
			sourceTree = "<group>";
		};
		FA81329926249FF20076758A /* Products */ = {
			isa = PBXGroup;
			children = (
				FA81329826249FF20076758A /* BottomSheetView.app */,
			);
			name = Products;
			sourceTree = "<group>";
		};
		FA81329A26249FF20076758A /* BottomSheetView */ = {
			isa = PBXGroup;
			children = (
				FA81329B26249FF20076758A /* BottomSheetViewApp.swift */,
				FA81329D26249FF20076758A /* ContentView.swift */,
				FA8132AB2624A00C0076758A /* BottomSheetView.swift */,
				FA81329F26249FF50076758A /* Assets.xcassets */,
				FA8132A426249FF50076758A /* Info.plist */,
				FA8132A126249FF50076758A /* Preview Content */,
			);
			path = BottomSheetView;
			sourceTree = "<group>";
		};
		FA8132A126249FF50076758A /* Preview Content */ = {
			isa = PBXGroup;
			children = (
				FA8132A226249FF50076758A /* Preview Assets.xcassets */,
			);
			path = "Preview Content";
			sourceTree = "<group>";
		};
/* End PBXGroup section */

/* Begin PBXNativeTarget section */
		FA81329726249FF20076758A /* BottomSheetView */ = {
			isa = PBXNativeTarget;
			buildConfigurationList = FA8132A726249FF50076758A /* Build configuration list for PBXNativeTarget "BottomSheetView" */;
			buildPhases = (
				FA81329426249FF20076758A /* Sources */,
				FA81329526249FF20076758A /* Frameworks */,
				FA81329626249FF20076758A /* Resources */,
			);
			buildRules = (
			);
			dependencies = (
			);
			name = BottomSheetView;
			productName = BottomSheetView;
			productReference = FA81329826249FF20076758A /* BottomSheetView.app */;
			productType = "com.apple.product-type.application";
		};
/* End PBXNativeTarget section */

/* Begin PBXProject section */
		FA81329026249FF20076758A /* Project object */ = {
			isa = PBXProject;
			attributes = {
				LastSwiftUpdateCheck = 1240;
				LastUpgradeCheck = 1240;
				TargetAttributes = {
					FA81329726249FF20076758A = {
						CreatedOnToolsVersion = 12.4;
					};
				};
			};
			buildConfigurationList = FA81329326249FF20076758A /* Build configuration list for PBXProject "BottomSheetView" */;
			compatibilityVersion = "Xcode 9.3";
			developmentRegion = en;
			hasScannedForEncodings = 0;
			knownRegions = (
				en,
				Base,
			);
			mainGroup = FA81328F26249FF20076758A;
			productRefGroup = FA81329926249FF20076758A /* Products */;
			projectDirPath = "";
			projectRoot = "";
			targets = (
				FA81329726249FF20076758A /* BottomSheetView */,
			);
		};
/* End PBXProject section */

/* Begin PBXResourcesBuildPhase section */
		FA81329626249FF20076758A /* Resources */ = {
			isa = PBXResourcesBuildPhase;
			buildActionMask = 2147483647;
			files = (
				FA8132A326249FF50076758A /* Preview Assets.xcassets in Resources */,
				FA8132A026249FF50076758A /* Assets.xcassets in Resources */,
			);
			runOnlyForDeploymentPostprocessing = 0;
		};
/* End PBXResourcesBuildPhase section */

/* Begin PBXSourcesBuildPhase section */
		FA81329426249FF20076758A /* Sources */ = {
			isa = PBXSourcesBuildPhase;
			buildActionMask = 2147483647;
			files = (
				FA81329E26249FF20076758A /* ContentView.swift in Sources */,
				FA81329C26249FF20076758A /* BottomSheetViewApp.swift in Sources */,
				FA8132AC2624A00C0076758A /* BottomSheetView.swift in Sources */,
			);
			runOnlyForDeploymentPostprocessing = 0;
		};
/* End PBXSourcesBuildPhase section */

/* Begin XCBuildConfiguration section */
		FA8132A526249FF50076758A /* Debug */ = {
			isa = XCBuildConfiguration;
			buildSettings = {
				ALWAYS_SEARCH_USER_PATHS = NO;
				CLANG_ANALYZER_NONNULL = YES;
				CLANG_ANALYZER_NUMBER_OBJECT_CONVERSION = YES_AGGRESSIVE;
				CLANG_CXX_LANGUAGE_STANDARD = "gnu++14";
				CLANG_CXX_LIBRARY = "libc++";
				CLANG_ENABLE_MODULES = YES;
				CLANG_ENABLE_OBJC_ARC = YES;
				CLANG_ENABLE_OBJC_WEAK = YES;
				CLANG_WARN_BLOCK_CAPTURE_AUTORELEASING = YES;
				CLANG_WARN_BOOL_CONVERSION = YES;
				CLANG_WARN_COMMA = YES;
				CLANG_WARN_CONSTANT_CONVERSION = YES;
				CLANG_WARN_DEPRECATED_OBJC_IMPLEMENTATIONS = YES;
				CLANG_WARN_DIRECT_OBJC_ISA_USAGE = YES_ERROR;
				CLANG_WARN_DOCUMENTATION_COMMENTS = YES;
				CLANG_WARN_EMPTY_BODY = YES;
				CLANG_WARN_ENUM_CONVERSION = YES;
				CLANG_WARN_INFINITE_RECURSION = YES;
				CLANG_WARN_INT_CONVERSION = YES;
				CLANG_WARN_NON_LITERAL_NULL_CONVERSION = YES;
				CLANG_WARN_OBJC_IMPLICIT_RETAIN_SELF = YES;
				CLANG_WARN_OBJC_LITERAL_CONVERSION = YES;
				CLANG_WARN_OBJC_ROOT_CLASS = YES_ERROR;
				CLANG_WARN_QUOTED_INCLUDE_IN_FRAMEWORK_HEADER = YES;
				CLANG_WARN_RANGE_LOOP_ANALYSIS = YES;
				CLANG_WARN_STRICT_PROTOTYPES = YES;
				CLANG_WARN_SUSPICIOUS_MOVE = YES;
				CLANG_WARN_UNGUARDED_AVAILABILITY = YES_AGGRESSIVE;
				CLANG_WARN_UNREACHABLE_CODE = YES;
				CLANG_WARN__DUPLICATE_METHOD_MATCH = YES;
				COPY_PHASE_STRIP = NO;
				DEBUG_INFORMATION_FORMAT = dwarf;
				ENABLE_STRICT_OBJC_MSGSEND = YES;
				ENABLE_TESTABILITY = YES;
				GCC_C_LANGUAGE_STANDARD = gnu11;
				GCC_DYNAMIC_NO_PIC = NO;
				GCC_NO_COMMON_BLOCKS = YES;
				GCC_OPTIMIZATION_LEVEL = 0;
				GCC_PREPROCESSOR_DEFINITIONS = (
					"DEBUG=1",
					"$(inherited)",
				);
				GCC_WARN_64_TO_32_BIT_CONVERSION = YES;
				GCC_WARN_ABOUT_RETURN_TYPE = YES_ERROR;
				GCC_WARN_UNDECLARED_SELECTOR = YES;
				GCC_WARN_UNINITIALIZED_AUTOS = YES_AGGRESSIVE;
				GCC_WARN_UNUSED_FUNCTION = YES;
				GCC_WARN_UNUSED_VARIABLE = YES;
				IPHONEOS_DEPLOYMENT_TARGET = 14.4;
				MTL_ENABLE_DEBUG_INFO = INCLUDE_SOURCE;
				MTL_FAST_MATH = YES;
				ONLY_ACTIVE_ARCH = YES;
				SDKROOT = iphoneos;
				SWIFT_ACTIVE_COMPILATION_CONDITIONS = DEBUG;
				SWIFT_OPTIMIZATION_LEVEL = "-Onone";
			};
			name = Debug;
		};
		FA8132A626249FF50076758A /* Release */ = {
			isa = XCBuildConfiguration;
			buildSettings = {
				ALWAYS_SEARCH_USER_PATHS = NO;
				CLANG_ANALYZER_NONNULL = YES;
				CLANG_ANALYZER_NUMBER_OBJECT_CONVERSION = YES_AGGRESSIVE;
				CLANG_CXX_LANGUAGE_STANDARD = "gnu++14";
				CLANG_CXX_LIBRARY = "libc++";
				CLANG_ENABLE_MODULES = YES;
				CLANG_ENABLE_OBJC_ARC = YES;
				CLANG_ENABLE_OBJC_WEAK = YES;
				CLANG_WARN_BLOCK_CAPTURE_AUTORELEASING = YES;
				CLANG_WARN_BOOL_CONVERSION = YES;
				CLANG_WARN_COMMA = YES;
				CLANG_WARN_CONSTANT_CONVERSION = YES;
				CLANG_WARN_DEPRECATED_OBJC_IMPLEMENTATIONS = YES;
				CLANG_WARN_DIRECT_OBJC_ISA_USAGE = YES_ERROR;
				CLANG_WARN_DOCUMENTATION_COMMENTS = YES;
				CLANG_WARN_EMPTY_BODY = YES;
				CLANG_WARN_ENUM_CONVERSION = YES;
				CLANG_WARN_INFINITE_RECURSION = YES;
				CLANG_WARN_INT_CONVERSION = YES;
				CLANG_WARN_NON_LITERAL_NULL_CONVERSION = YES;
				CLANG_WARN_OBJC_IMPLICIT_RETAIN_SELF = YES;
				CLANG_WARN_OBJC_LITERAL_CONVERSION = YES;
				CLANG_WARN_OBJC_ROOT_CLASS = YES_ERROR;
				CLANG_WARN_QUOTED_INCLUDE_IN_FRAMEWORK_HEADER = YES;
				CLANG_WARN_RANGE_LOOP_ANALYSIS = YES;
				CLANG_WARN_STRICT_PROTOTYPES = YES;
				CLANG_WARN_SUSPICIOUS_MOVE = YES;
				CLANG_WARN_UNGUARDED_AVAILABILITY = YES_AGGRESSIVE;
				CLANG_WARN_UNREACHABLE_CODE = YES;
				CLANG_WARN__DUPLICATE_METHOD_MATCH = YES;
				COPY_PHASE_STRIP = NO;
				DEBUG_INFORMATION_FORMAT = "dwarf-with-dsym";
				ENABLE_NS_ASSERTIONS = NO;
				ENABLE_STRICT_OBJC_MSGSEND = YES;
				GCC_C_LANGUAGE_STANDARD = gnu11;
				GCC_NO_COMMON_BLOCKS = YES;
				GCC_WARN_64_TO_32_BIT_CONVERSION = YES;
				GCC_WARN_ABOUT_RETURN_TYPE = YES_ERROR;
				GCC_WARN_UNDECLARED_SELECTOR = YES;
				GCC_WARN_UNINITIALIZED_AUTOS = YES_AGGRESSIVE;
				GCC_WARN_UNUSED_FUNCTION = YES;
				GCC_WARN_UNUSED_VARIABLE = YES;
				IPHONEOS_DEPLOYMENT_TARGET = 14.4;
				MTL_ENABLE_DEBUG_INFO = NO;
				MTL_FAST_MATH = YES;
				SDKROOT = iphoneos;
				SWIFT_COMPILATION_MODE = wholemodule;
				SWIFT_OPTIMIZATION_LEVEL = "-O";
				VALIDATE_PRODUCT = YES;
			};
			name = Release;
		};
		FA8132A826249FF50076758A /* Debug */ = {
			isa = XCBuildConfiguration;
			buildSettings = {
				ASSETCATALOG_COMPILER_APPICON_NAME = AppIcon;
				ASSETCATALOG_COMPILER_GLOBAL_ACCENT_COLOR_NAME = AccentColor;
				CODE_SIGN_STYLE = Automatic;
				DEVELOPMENT_ASSET_PATHS = "\"BottomSheetView/Preview Content\"";
				DEVELOPMENT_TEAM = 3HN4UJFFA3;
				ENABLE_PREVIEWS = YES;
				INFOPLIST_FILE = BottomSheetView/Info.plist;
				IPHONEOS_DEPLOYMENT_TARGET = 14.0;
				LD_RUNPATH_SEARCH_PATHS = (
					"$(inherited)",
					"@executable_path/Frameworks",
				);
				PRODUCT_BUNDLE_IDENTIFIER = inverse.ai.BottomSheetView;
				PRODUCT_NAME = "$(TARGET_NAME)";
				SWIFT_VERSION = 5.0;
				TARGETED_DEVICE_FAMILY = "1,2";
			};
			name = Debug;
		};
		FA8132A926249FF50076758A /* Release */ = {
			isa = XCBuildConfiguration;
			buildSettings = {
				ASSETCATALOG_COMPILER_APPICON_NAME = AppIcon;
				ASSETCATALOG_COMPILER_GLOBAL_ACCENT_COLOR_NAME = AccentColor;
				CODE_SIGN_STYLE = Automatic;
				DEVELOPMENT_ASSET_PATHS = "\"BottomSheetView/Preview Content\"";
				DEVELOPMENT_TEAM = 3HN4UJFFA3;
				ENABLE_PREVIEWS = YES;
				INFOPLIST_FILE = BottomSheetView/Info.plist;
				IPHONEOS_DEPLOYMENT_TARGET = 14.0;
				LD_RUNPATH_SEARCH_PATHS = (
					"$(inherited)",
					"@executable_path/Frameworks",
				);
				PRODUCT_BUNDLE_IDENTIFIER = inverse.ai.BottomSheetView;
				PRODUCT_NAME = "$(TARGET_NAME)";
				SWIFT_VERSION = 5.0;
				TARGETED_DEVICE_FAMILY = "1,2";
			};
			name = Release;
		};
/* End XCBuildConfiguration section */

/* Begin XCConfigurationList section */
		FA81329326249FF20076758A /* Build configuration list for PBXProject "BottomSheetView" */ = {
			isa = XCConfigurationList;
			buildConfigurations = (
				FA8132A526249FF50076758A /* Debug */,
				FA8132A626249FF50076758A /* Release */,
			);
			defaultConfigurationIsVisible = 0;
			defaultConfigurationName = Release;
		};
		FA8132A726249FF50076758A /* Build configuration list for PBXNativeTarget "BottomSheetView" */ = {
			isa = XCConfigurationList;
			buildConfigurations = (
				FA8132A826249FF50076758A /* Debug */,
				FA8132A926249FF50076758A /* Release */,
			);
			defaultConfigurationIsVisible = 0;
			defaultConfigurationName = Release;
		};
/* End XCConfigurationList section */
	};
	rootObject = FA81329026249FF20076758A /* Project object */;
}
